# This file is autogenerated, do not edit; changes may be undone by the next 'dep ensure'.


[[projects]]
  name = "gopkg.in/h2non/gock.v0"
  packages = ["."]
  revision = "1baf36abac0059c6facbe90598a57cf557758c08"
  version = "0.1.6"

[solve-meta]
  analyzer-name = "dep"
  analyzer-version = 1
  inputs-digest = "98e31c082a80e45ace79ffe2a67d9c0a07b72090b49da0f32bc4fca41a973486"
  solver-name = "gps-cdcl"
  solver-version = 1
